
Microsoft Visual Studio Solution File, Format Version 12.00
# Visual Studio Version 17
VisualStudioVersion = 17.11.35222.181
MinimumVisualStudioVersion = 10.0.40219.1
Project("{9A19103F-16F7-4668-BE54-9A1E7A4F7556}") = "advent1_1", "advent1_1\advent1_1.csproj", "{A14240B7-B644-478D-9546-3461FA8483AB}"
EndProject
Project("{9A19103F-16F7-4668-BE54-9A1E7A4F7556}") = "advent1_2", "advent1_2\advent1_2.csproj", "{AECB3C4A-D600-47FD-8C9A-21EA4550C3A3}"
EndProject
Project("{9A19103F-16F7-4668-BE54-9A1E7A4F7556}") = "advent2_1", "advent2_1\advent2_1.csproj", "{94347E81-139B-47C6-AD50-309DB766117B}"
EndProject
Project("{9A19103F-16F7-4668-BE54-9A1E7A4F7556}") = "advent2_2", "advent2_2\advent2_2.csproj", "{0F4064B7-31EC-460C-A92A-9FB3BF96AFEE}"
EndProject
Project("{FAE04EC0-301F-11D3-BF4B-00C04F79EFBC}") = "advent3_1", "advent3_1\advent3_1.csproj", "{C3224797-AE49-4855-BFA0-3EC4F1995136}"
EndProject
Project("{FAE04EC0-301F-11D3-BF4B-00C04F79EFBC}") = "advent3_2", "advent3_2\advent3_2.csproj", "{78D66182-68C0-4E49-8654-11E4EA0B775B}"
EndProject
Project("{FAE04EC0-301F-11D3-BF4B-00C04F79EFBC}") = "advent4_1", "advent4_1\advent4_1.csproj", "{456CB8C7-05DD-4669-A46B-205CD0C77E70}"
EndProject
Project("{FAE04EC0-301F-11D3-BF4B-00C04F79EFBC}") = "advent4_2", "advent4_2\advent4_2.csproj", "{7411DFE1-8484-46BC-8B56-824DFF13FE48}"
EndProject
Global
	GlobalSection(SolutionConfigurationPlatforms) = preSolution
		Debug|Any CPU = Debug|Any CPU
		Release|Any CPU = Release|Any CPU
	EndGlobalSection
	GlobalSection(ProjectConfigurationPlatforms) = postSolution
		{A14240B7-B644-478D-9546-3461FA8483AB}.Debug|Any CPU.ActiveCfg = Debug|Any CPU
		{A14240B7-B644-478D-9546-3461FA8483AB}.Debug|Any CPU.Build.0 = Debug|Any CPU
		{A14240B7-B644-478D-9546-3461FA8483AB}.Release|Any CPU.ActiveCfg = Release|Any CPU
		{A14240B7-B644-478D-9546-3461FA8483AB}.Release|Any CPU.Build.0 = Release|Any CPU
		{AECB3C4A-D600-47FD-8C9A-21EA4550C3A3}.Debug|Any CPU.ActiveCfg = Debug|Any CPU
		{AECB3C4A-D600-47FD-8C9A-21EA4550C3A3}.Debug|Any CPU.Build.0 = Debug|Any CPU
		{AECB3C4A-D600-47FD-8C9A-21EA4550C3A3}.Release|Any CPU.ActiveCfg = Release|Any CPU
		{AECB3C4A-D600-47FD-8C9A-21EA4550C3A3}.Release|Any CPU.Build.0 = Release|Any CPU
		{94347E81-139B-47C6-AD50-309DB766117B}.Debug|Any CPU.ActiveCfg = Debug|Any CPU
		{94347E81-139B-47C6-AD50-309DB766117B}.Debug|Any CPU.Build.0 = Debug|Any CPU
		{94347E81-139B-47C6-AD50-309DB766117B}.Release|Any CPU.ActiveCfg = Release|Any CPU
		{94347E81-139B-47C6-AD50-309DB766117B}.Release|Any CPU.Build.0 = Release|Any CPU
		{0F4064B7-31EC-460C-A92A-9FB3BF96AFEE}.Debug|Any CPU.ActiveCfg = Debug|Any CPU
		{0F4064B7-31EC-460C-A92A-9FB3BF96AFEE}.Debug|Any CPU.Build.0 = Debug|Any CPU
		{0F4064B7-31EC-460C-A92A-9FB3BF96AFEE}.Release|Any CPU.ActiveCfg = Release|Any CPU
		{0F4064B7-31EC-460C-A92A-9FB3BF96AFEE}.Release|Any CPU.Build.0 = Release|Any CPU
		{C3224797-AE49-4855-BFA0-3EC4F1995136}.Debug|Any CPU.ActiveCfg = Debug|Any CPU
		{C3224797-AE49-4855-BFA0-3EC4F1995136}.Debug|Any CPU.Build.0 = Debug|Any CPU
		{C3224797-AE49-4855-BFA0-3EC4F1995136}.Release|Any CPU.ActiveCfg = Release|Any CPU
		{C3224797-AE49-4855-BFA0-3EC4F1995136}.Release|Any CPU.Build.0 = Release|Any CPU
		{78D66182-68C0-4E49-8654-11E4EA0B775B}.Debug|Any CPU.ActiveCfg = Debug|Any CPU
		{78D66182-68C0-4E49-8654-11E4EA0B775B}.Debug|Any CPU.Build.0 = Debug|Any CPU
		{78D66182-68C0-4E49-8654-11E4EA0B775B}.Release|Any CPU.ActiveCfg = Release|Any CPU
		{78D66182-68C0-4E49-8654-11E4EA0B775B}.Release|Any CPU.Build.0 = Release|Any CPU
		{456CB8C7-05DD-4669-A46B-205CD0C77E70}.Debug|Any CPU.ActiveCfg = Debug|Any CPU
		{456CB8C7-05DD-4669-A46B-205CD0C77E70}.Debug|Any CPU.Build.0 = Debug|Any CPU
		{456CB8C7-05DD-4669-A46B-205CD0C77E70}.Release|Any CPU.ActiveCfg = Release|Any CPU
		{456CB8C7-05DD-4669-A46B-205CD0C77E70}.Release|Any CPU.Build.0 = Release|Any CPU
		{7411DFE1-8484-46BC-8B56-824DFF13FE48}.Debug|Any CPU.ActiveCfg = Debug|Any CPU
		{7411DFE1-8484-46BC-8B56-824DFF13FE48}.Debug|Any CPU.Build.0 = Debug|Any CPU
		{7411DFE1-8484-46BC-8B56-824DFF13FE48}.Release|Any CPU.ActiveCfg = Release|Any CPU
		{7411DFE1-8484-46BC-8B56-824DFF13FE48}.Release|Any CPU.Build.0 = Release|Any CPU
	EndGlobalSection
	GlobalSection(SolutionProperties) = preSolution
		HideSolutionNode = FALSE
	EndGlobalSection
	GlobalSection(ExtensibilityGlobals) = postSolution
		SolutionGuid = {BBD82A9F-65BF-4E09-8338-462EDC1A8DE8}
	EndGlobalSection
EndGlobal
